// !$*UTF8*$!
{
	archiveVersion = 1;
	classes = {
	};
	objectVersion = 50;
	objects = {

/* Begin PBXBuildFile section */
		629E6FBD23E835BE0090E164 /* BetterSegmentedControl.h in Headers */ = {isa = PBXBuildFile; fileRef = 629E6FBB23E835BE0090E164 /* BetterSegmentedControl.h */; settings = {ATTRIBUTES = (Public, ); }; };
		629E6FD223E8ED8D0090E164 /* Options.swift in Sources */ = {isa = PBXBuildFile; fileRef = 629E6FCC23E8ED8C0090E164 /* Options.swift */; };
		629E6FD323E8ED8D0090E164 /* BetterSegmentedControlSegment.swift in Sources */ = {isa = PBXBuildFile; fileRef = 629E6FCD23E8ED8C0090E164 /* BetterSegmentedControlSegment.swift */; };
		629E6FD423E8ED8D0090E164 /* IconSegment.swift in Sources */ = {isa = PBXBuildFile; fileRef = 629E6FCF23E8ED8D0090E164 /* IconSegment.swift */; };
		629E6FD523E8ED8D0090E164 /* LabelSegment.swift in Sources */ = {isa = PBXBuildFile; fileRef = 629E6FD023E8ED8D0090E164 /* LabelSegment.swift */; };
		629E6FD623E8ED8D0090E164 /* BetterSegmentedControl.swift in Sources */ = {isa = PBXBuildFile; fileRef = 629E6FD123E8ED8D0090E164 /* BetterSegmentedControl.swift */; };
/* End PBXBuildFile section */

/* Begin PBXFileReference section */
		629E6FB823E835BE0090E164 /* BetterSegmentedControl.framework */ = {isa = PBXFileReference; explicitFileType = wrapper.framework; includeInIndex = 0; path = BetterSegmentedControl.framework; sourceTree = BUILT_PRODUCTS_DIR; };
		629E6FBB23E835BE0090E164 /* BetterSegmentedControl.h */ = {isa = PBXFileReference; lastKnownFileType = sourcecode.c.h; path = BetterSegmentedControl.h; sourceTree = "<group>"; };
		629E6FBC23E835BE0090E164 /* Info.plist */ = {isa = PBXFileReference; lastKnownFileType = text.plist.xml; path = Info.plist; sourceTree = "<group>"; };
		629E6FCC23E8ED8C0090E164 /* Options.swift */ = {isa = PBXFileReference; fileEncoding = 4; lastKnownFileType = sourcecode.swift; path = Options.swift; sourceTree = "<group>"; };
		629E6FCD23E8ED8C0090E164 /* BetterSegmentedControlSegment.swift */ = {isa = PBXFileReference; fileEncoding = 4; lastKnownFileType = sourcecode.swift; path = BetterSegmentedControlSegment.swift; sourceTree = "<group>"; };
		629E6FCF23E8ED8D0090E164 /* IconSegment.swift */ = {isa = PBXFileReference; fileEncoding = 4; lastKnownFileType = sourcecode.swift; path = IconSegment.swift; sourceTree = "<group>"; };
		629E6FD023E8ED8D0090E164 /* LabelSegment.swift */ = {isa = PBXFileReference; fileEncoding = 4; lastKnownFileType = sourcecode.swift; path = LabelSegment.swift; sourceTree = "<group>"; };
		629E6FD123E8ED8D0090E164 /* BetterSegmentedControl.swift */ = {isa = PBXFileReference; fileEncoding = 4; lastKnownFileType = sourcecode.swift; path = BetterSegmentedControl.swift; sourceTree = "<group>"; };
/* End PBXFileReference section */

/* Begin PBXFrameworksBuildPhase section */
		629E6FB523E835BE0090E164 /* Frameworks */ = {
			isa = PBXFrameworksBuildPhase;
			buildActionMask = 2147483647;
			files = (
			);
			runOnlyForDeploymentPostprocessing = 0;
		};
/* End PBXFrameworksBuildPhase section */

/* Begin PBXGroup section */
		629E6FAE23E835BE0090E164 = {
			isa = PBXGroup;
			children = (
				629E6FBA23E835BE0090E164 /* BetterSegmentedControl */,
				629E6FB923E835BE0090E164 /* Products */,
			);
			sourceTree = "<group>";
		};
		629E6FB923E835BE0090E164 /* Products */ = {
			isa = PBXGroup;
			children = (
				629E6FB823E835BE0090E164 /* BetterSegmentedControl.framework */,
			);
			name = Products;
			sourceTree = "<group>";
		};
		629E6FBA23E835BE0090E164 /* BetterSegmentedControl */ = {
			isa = PBXGroup;
			children = (
				629E6FCE23E8ED8D0090E164 /* Segments */,
				629E6FD123E8ED8D0090E164 /* BetterSegmentedControl.swift */,
				629E6FCD23E8ED8C0090E164 /* BetterSegmentedControlSegment.swift */,
				629E6FCC23E8ED8C0090E164 /* Options.swift */,
				629E6FBB23E835BE0090E164 /* BetterSegmentedControl.h */,
				629E6FBC23E835BE0090E164 /* Info.plist */,
			);
			path = BetterSegmentedControl;
			sourceTree = "<group>";
		};
		629E6FCE23E8ED8D0090E164 /* Segments */ = {
			isa = PBXGroup;
			children = (
				629E6FCF23E8ED8D0090E164 /* IconSegment.swift */,
				629E6FD023E8ED8D0090E164 /* LabelSegment.swift */,
			);
			path = Segments;
			sourceTree = "<group>";
		};
/* End PBXGroup section */

/* Begin PBXHeadersBuildPhase section */
		629E6FB323E835BE0090E164 /* Headers */ = {
			isa = PBXHeadersBuildPhase;
			buildActionMask = 2147483647;
			files = (
				629E6FBD23E835BE0090E164 /* BetterSegmentedControl.h in Headers */,
			);
			runOnlyForDeploymentPostprocessing = 0;
		};
/* End PBXHeadersBuildPhase section */

/* Begin PBXNativeTarget section */
		629E6FB723E835BE0090E164 /* BetterSegmentedControl */ = {
			isa = PBXNativeTarget;
			buildConfigurationList = 629E6FC023E835BE0090E164 /* Build configuration list for PBXNativeTarget "BetterSegmentedControl" */;
			buildPhases = (
				629E6FB323E835BE0090E164 /* Headers */,
				629E6FB423E835BE0090E164 /* Sources */,
				629E6FB523E835BE0090E164 /* Frameworks */,
				629E6FB623E835BE0090E164 /* Resources */,
			);
			buildRules = (
			);
			dependencies = (
			);
			name = BetterSegmentedControl;
			productName = BetterSegmentedControl;
			productReference = 629E6FB823E835BE0090E164 /* BetterSegmentedControl.framework */;
			productType = "com.apple.product-type.framework";
		};
/* End PBXNativeTarget section */

/* Begin PBXProject section */
		629E6FAF23E835BE0090E164 /* Project object */ = {
			isa = PBXProject;
			attributes = {
				LastUpgradeCheck = 1130;
				ORGANIZATIONNAME = PlankFish;
				TargetAttributes = {
					629E6FB723E835BE0090E164 = {
						CreatedOnToolsVersion = 11.3.1;
						LastSwiftMigration = 1130;
					};
				};
			};
			buildConfigurationList = 629E6FB223E835BE0090E164 /* Build configuration list for PBXProject "BetterSegmentedControl" */;
			compatibilityVersion = "Xcode 9.3";
			developmentRegion = en;
			hasScannedForEncodings = 0;
			knownRegions = (
				en,
				Base,
			);
			mainGroup = 629E6FAE23E835BE0090E164;
			productRefGroup = 629E6FB923E835BE0090E164 /* Products */;
			projectDirPath = "";
			projectRoot = "";
			targets = (
				629E6FB723E835BE0090E164 /* BetterSegmentedControl */,
			);
		};
/* End PBXProject section */

/* Begin PBXResourcesBuildPhase section */
		629E6FB623E835BE0090E164 /* Resources */ = {
			isa = PBXResourcesBuildPhase;
			buildActionMask = 2147483647;
			files = (
			);
			runOnlyForDeploymentPostprocessing = 0;
		};
/* End PBXResourcesBuildPhase section */

/* Begin PBXSourcesBuildPhase section */
		629E6FB423E835BE0090E164 /* Sources */ = {
			isa = PBXSourcesBuildPhase;
			buildActionMask = 2147483647;
			files = (
				629E6FD523E8ED8D0090E164 /* LabelSegment.swift in Sources */,
				629E6FD323E8ED8D0090E164 /* BetterSegmentedControlSegment.swift in Sources */,
				629E6FD223E8ED8D0090E164 /* Options.swift in Sources */,
				629E6FD623E8ED8D0090E164 /* BetterSegmentedControl.swift in Sources */,
				629E6FD423E8ED8D0090E164 /* IconSegment.swift in Sources */,
			);
			runOnlyForDeploymentPostprocessing = 0;
		};
/* End PBXSourcesBuildPhase section */

/* Begin XCBuildConfiguration section */
		629E6FBE23E835BE0090E164 /* Debug */ = {
			isa = XCBuildConfiguration;
			buildSettings = {
				ALWAYS_SEARCH_USER_PATHS = NO;
				CLANG_ANALYZER_NONNULL = YES;
				CLANG_ANALYZER_NUMBER_OBJECT_CONVERSION = YES_AGGRESSIVE;
				CLANG_CXX_LANGUAGE_STANDARD = "gnu++14";
				CLANG_CXX_LIBRARY = "libc++";
				CLANG_ENABLE_MODULES = YES;
				CLANG_ENABLE_OBJC_ARC = YES;
				CLANG_ENABLE_OBJC_WEAK = YES;
				CLANG_WARN_BLOCK_CAPTURE_AUTORELEASING = YES;
				CLANG_WARN_BOOL_CONVERSION = YES;
				CLANG_WARN_COMMA = YES;
				CLANG_WARN_CONSTANT_CONVERSION = YES;
				CLANG_WARN_DEPRECATED_OBJC_IMPLEMENTATIONS = YES;
				CLANG_WARN_DIRECT_OBJC_ISA_USAGE = YES_ERROR;
				CLANG_WARN_DOCUMENTATION_COMMENTS = YES;
				CLANG_WARN_EMPTY_BODY = YES;
				CLANG_WARN_ENUM_CONVERSION = YES;
				CLANG_WARN_INFINITE_RECURSION = YES;
				CLANG_WARN_INT_CONVERSION = YES;
				CLANG_WARN_NON_LITERAL_NULL_CONVERSION = YES;
				CLANG_WARN_OBJC_IMPLICIT_RETAIN_SELF = YES;
				CLANG_WARN_OBJC_LITERAL_CONVERSION = YES;
				CLANG_WARN_OBJC_ROOT_CLASS = YES_ERROR;
				CLANG_WARN_RANGE_LOOP_ANALYSIS = YES;
				CLANG_WARN_STRICT_PROTOTYPES = YES;
				CLANG_WARN_SUSPICIOUS_MOVE = YES;
				CLANG_WARN_UNGUARDED_AVAILABILITY = YES_AGGRESSIVE;
				CLANG_WARN_UNREACHABLE_CODE = YES;
				CLANG_WARN__DUPLICATE_METHOD_MATCH = YES;
				COPY_PHASE_STRIP = NO;
				CURRENT_PROJECT_VERSION = 1;
				DEBUG_INFORMATION_FORMAT = dwarf;
				ENABLE_STRICT_OBJC_MSGSEND = YES;
				ENABLE_TESTABILITY = YES;
				GCC_C_LANGUAGE_STANDARD = gnu11;
				GCC_DYNAMIC_NO_PIC = NO;
				GCC_NO_COMMON_BLOCKS = YES;
				GCC_OPTIMIZATION_LEVEL = 0;
				GCC_PREPROCESSOR_DEFINITIONS = (
					"DEBUG=1",
					"$(inherited)",
				);
				GCC_WARN_64_TO_32_BIT_CONVERSION = YES;
				GCC_WARN_ABOUT_RETURN_TYPE = YES_ERROR;
				GCC_WARN_UNDECLARED_SELECTOR = YES;
				GCC_WARN_UNINITIALIZED_AUTOS = YES_AGGRESSIVE;
				GCC_WARN_UNUSED_FUNCTION = YES;
				GCC_WARN_UNUSED_VARIABLE = YES;
				IPHONEOS_DEPLOYMENT_TARGET = 11.0;
				MTL_ENABLE_DEBUG_INFO = INCLUDE_SOURCE;
				MTL_FAST_MATH = YES;
				ONLY_ACTIVE_ARCH = YES;
				SDKROOT = iphoneos;
				SWIFT_ACTIVE_COMPILATION_CONDITIONS = DEBUG;
				SWIFT_OPTIMIZATION_LEVEL = "-Onone";
				VERSIONING_SYSTEM = "apple-generic";
				VERSION_INFO_PREFIX = "";
			};
			name = Debug;
		};
		629E6FBF23E835BE0090E164 /* Release */ = {
			isa = XCBuildConfiguration;
			buildSettings = {
				ALWAYS_SEARCH_USER_PATHS = NO;
				CLANG_ANALYZER_NONNULL = YES;
				CLANG_ANALYZER_NUMBER_OBJECT_CONVERSION = YES_AGGRESSIVE;
				CLANG_CXX_LANGUAGE_STANDARD = "gnu++14";
				CLANG_CXX_LIBRARY = "libc++";
				CLANG_ENABLE_MODULES = YES;
				CLANG_ENABLE_OBJC_ARC = YES;
				CLANG_ENABLE_OBJC_WEAK = YES;
				CLANG_WARN_BLOCK_CAPTURE_AUTORELEASING = YES;
				CLANG_WARN_BOOL_CONVERSION = YES;
				CLANG_WARN_COMMA = YES;
				CLANG_WARN_CONSTANT_CONVERSION = YES;
				CLANG_WARN_DEPRECATED_OBJC_IMPLEMENTATIONS = YES;
				CLANG_WARN_DIRECT_OBJC_ISA_USAGE = YES_ERROR;
				CLANG_WARN_DOCUMENTATION_COMMENTS = YES;
				CLANG_WARN_EMPTY_BODY = YES;
				CLANG_WARN_ENUM_CONVERSION = YES;
				CLANG_WARN_INFINITE_RECURSION = YES;
				CLANG_WARN_INT_CONVERSION = YES;
				CLANG_WARN_NON_LITERAL_NULL_CONVERSION = YES;
				CLANG_WARN_OBJC_IMPLICIT_RETAIN_SELF = YES;
				CLANG_WARN_OBJC_LITERAL_CONVERSION = YES;
				CLANG_WARN_OBJC_ROOT_CLASS = YES_ERROR;
				CLANG_WARN_RANGE_LOOP_ANALYSIS = YES;
				CLANG_WARN_STRICT_PROTOTYPES = YES;
				CLANG_WARN_SUSPICIOUS_MOVE = YES;
				CLANG_WARN_UNGUARDED_AVAILABILITY = YES_AGGRESSIVE;
				CLANG_WARN_UNREACHABLE_CODE = YES;
				CLANG_WARN__DUPLICATE_METHOD_MATCH = YES;
				COPY_PHASE_STRIP = NO;
				CURRENT_PROJECT_VERSION = 1;
				DEBUG_INFORMATION_FORMAT = "dwarf-with-dsym";
				ENABLE_NS_ASSERTIONS = NO;
				ENABLE_STRICT_OBJC_MSGSEND = YES;
				GCC_C_LANGUAGE_STANDARD = gnu11;
				GCC_NO_COMMON_BLOCKS = YES;
				GCC_WARN_64_TO_32_BIT_CONVERSION = YES;
				GCC_WARN_ABOUT_RETURN_TYPE = YES_ERROR;
				GCC_WARN_UNDECLARED_SELECTOR = YES;
				GCC_WARN_UNINITIALIZED_AUTOS = YES_AGGRESSIVE;
				GCC_WARN_UNUSED_FUNCTION = YES;
				GCC_WARN_UNUSED_VARIABLE = YES;
				IPHONEOS_DEPLOYMENT_TARGET = 11.0;
				MTL_ENABLE_DEBUG_INFO = NO;
				MTL_FAST_MATH = YES;
				SDKROOT = iphoneos;
				SWIFT_COMPILATION_MODE = wholemodule;
				SWIFT_OPTIMIZATION_LEVEL = "-O";
				VALIDATE_PRODUCT = YES;
				VERSIONING_SYSTEM = "apple-generic";
				VERSION_INFO_PREFIX = "";
			};
			name = Release;
		};
		629E6FC123E835BE0090E164 /* Debug */ = {
			isa = XCBuildConfiguration;
			buildSettings = {
				CLANG_ENABLE_MODULES = YES;
				CODE_SIGN_STYLE = Automatic;
				DEFINES_MODULE = YES;
				DEVELOPMENT_TEAM = 2BLC39WP62;
				DYLIB_COMPATIBILITY_VERSION = 1;
				DYLIB_CURRENT_VERSION = 1;
				DYLIB_INSTALL_NAME_BASE = "@rpath";
				INFOPLIST_FILE = BetterSegmentedControl/Info.plist;
				INSTALL_PATH = "$(LOCAL_LIBRARY_DIR)/Frameworks";
				IPHONEOS_DEPLOYMENT_TARGET = 11.0;
				LD_RUNPATH_SEARCH_PATHS = (
					"$(inherited)",
					"@executable_path/Frameworks",
					"@loader_path/Frameworks",
				);
				PRODUCT_BUNDLE_IDENTIFIER = com.text.complexity.BetterSegmentedControl;
				PRODUCT_NAME = "$(TARGET_NAME:c99extidentifier)";
				SKIP_INSTALL = YES;
				SUPPORTS_MACCATALYST = NO;
				SWIFT_OPTIMIZATION_LEVEL = "-Onone";
				SWIFT_VERSION = 5.0;
				TARGETED_DEVICE_FAMILY = "1,2";
			};
			name = Debug;
		};
		629E6FC223E835BE0090E164 /* Release */ = {
			isa = XCBuildConfiguration;
			buildSettings = {
				CLANG_ENABLE_MODULES = YES;
				CODE_SIGN_STYLE = Automatic;
				DEFINES_MODULE = YES;
				DEVELOPMENT_TEAM = 2BLC39WP62;
				DYLIB_COMPATIBILITY_VERSION = 1;
				DYLIB_CURRENT_VERSION = 1;
				DYLIB_INSTALL_NAME_BASE = "@rpath";
				INFOPLIST_FILE = BetterSegmentedControl/Info.plist;
				INSTALL_PATH = "$(LOCAL_LIBRARY_DIR)/Frameworks";
				IPHONEOS_DEPLOYMENT_TARGET = 11.0;
				LD_RUNPATH_SEARCH_PATHS = (
					"$(inherited)",
					"@executable_path/Frameworks",
					"@loader_path/Frameworks",
				);
				PRODUCT_BUNDLE_IDENTIFIER = com.text.complexity.BetterSegmentedControl;
				PRODUCT_NAME = "$(TARGET_NAME:c99extidentifier)";
				SKIP_INSTALL = YES;
				SUPPORTS_MACCATALYST = NO;
				SWIFT_VERSION = 5.0;
				TARGETED_DEVICE_FAMILY = "1,2";
			};
			name = Release;
		};
/* End XCBuildConfiguration section */

/* Begin XCConfigurationList section */
		629E6FB223E835BE0090E164 /* Build configuration list for PBXProject "BetterSegmentedControl" */ = {
			isa = XCConfigurationList;
			buildConfigurations = (
				629E6FBE23E835BE0090E164 /* Debug */,
				629E6FBF23E835BE0090E164 /* Release */,
			);
			defaultConfigurationIsVisible = 0;
			defaultConfigurationName = Release;
		};
		629E6FC023E835BE0090E164 /* Build configuration list for PBXNativeTarget "BetterSegmentedControl" */ = {
			isa = XCConfigurationList;
			buildConfigurations = (
				629E6FC123E835BE0090E164 /* Debug */,
				629E6FC223E835BE0090E164 /* Release */,
			);
			defaultConfigurationIsVisible = 0;
			defaultConfigurationName = Release;
		};
/* End XCConfigurationList section */
	};
	rootObject = 629E6FAF23E835BE0090E164 /* Project object */;
}
